# This file is automatically @generated by Cargo.
# It is not intended for manual editing.
version = 4

[[package]]
name = "otfw_cli"
version = "0.0.0"
dependencies = [
 "otfw_compiler",
]

[[package]]
name = "otfw_compiler"
version = "0.0.0"
dependencies = [
 "otfw_ir",
]

[[package]]
name = "otfw_ir"
version = "0.0.0"
