lockfileVersion: '9.0'

settings:
  autoInstallPeers: true
  excludeLinksFromLockfile: false

importers:

  .:
    dependencies:
      '@opentf/web':
        specifier: 0.32.0
        version: 0.32.0
      '@opentf/web-docs':
        specifier: 0.30.0
        version: 0.30.0(@opentf/web@0.32.0)
      '@opentf/web-form':
        specifier: 1.27.0
        version: 1.27.0(@opentf/web@0.32.0)
      '@opentf/web-i18n':
        specifier: 1.27.0
        version: 1.27.0(@opentf/web@0.32.0)
    devDependencies:
      '@opentf/esdev-plugin-web':
        specifier: 0.4.0
        version: 0.4.0
      '@opentf/web-cli':
        specifier: 1.30.0
        version: 1.30.0(@opentf/web@0.32.0)
      tailwindcss:
        specifier: 4.2.2
        version: 4.2.2

packages:

  '@formatjs/ecma402-abstract@2.3.6':
    resolution: {integrity: sha512-HJnTFeRM2kVFVr5gr5kH1XP6K0JcJtE7Lzvtr3FS/so5f1kpsqqqxy5JF+FRaO6H2qmcMfAUIox7AJteieRtVw==}

  '@formatjs/fast-memoize@2.2.7':
    resolution: {integrity: sha512-Yabmi9nSvyOMrlSeGGWDiH7rf3a7sIwplbvo/dlz9WCIjzIQAfy1RMf4S0X3yG724n5Ghu2GmEl5NJIV6O9sZQ==}

  '@formatjs/icu-messageformat-parser@2.11.4':
    resolution: {integrity: sha512-7kR78cRrPNB4fjGFZg3Rmj5aah8rQj9KPzuLsmcSn4ipLXQvC04keycTI1F7kJYDwIXtT2+7IDEto842CfZBtw==}

  '@formatjs/icu-skeleton-parser@1.8.16':
    resolution: {integrity: sha512-H13E9Xl+PxBd8D5/6TVUluSpxGNvFSlN/b3coUp0e0JpuWXXnQDiavIpY3NnvSp4xhEMoXyyBvVfdFX8jglOHQ==}

  '@formatjs/intl-localematcher@0.6.2':
    resolution: {integrity: sha512-XOMO2Hupl0wdd172Y06h6kLpBz6Dv+J4okPLl4LPtzbr8f66WbIoy4ev98EBuZ6ZK4h5ydTN6XneT4QVpD7cdA==}

  '@opentf/esdev-plugin-web@0.4.0':
    resolution: {integrity: sha512-7KGNAUMw7hkOrxlUJqy8yExwAPwm8f22rjH1UCuDWp03Qk0r5ha8cg0I00SA91WsleTe9r1z+EkuuimkRkMvbQ==}
    engines: {esdev: '>=0.16.0'}

  '@opentf/std@0.19.0':
    resolution: {integrity: sha512-tnBP9Fv3T7Sfd1VWJQKfq6BubBH/qvVEC80zzMeeLW7epACt0jtpZ7ivB9A5HLSzb8Lxs9Mc0V/jvD6jStq+bA==}
    engines: {node: '>=20.0.0'}

  '@opentf/web-cli@1.30.0':
    resolution: {integrity: sha512-yVLiqpQ83SnHa3RYfBZ+c5vubtk/2KcfU8I2m9m9gw0QwOIsQDCykxOaCgeg4zaEiLMUd7dN1k+vgYKIWeYzaw==}
    engines: {esdev: '>=0.16.0'}
    peerDependencies:
      '@opentf/web': 0.32.0

  '@opentf/web-compiler@0.20.0':
    resolution: {integrity: sha512-vNMzQspcUGnCndwg8tc8CGQKtpJhibr8GKY8D4OOwVcYw65TBIiqBU6zOWKYM/aRfna35oI5q4CDG3C4MeXcPg==}
    engines: {esdev: '>=0.16.0'}

  '@opentf/web-docs@0.30.0':
    resolution: {integrity: sha512-cWYplw16ggDsswWKL5OotDHwD2UY+qAOQR4/FN4TlzPCY6fN2A0i5yh23pX6/4XWffYMFZvmNAF3F/n11fMRIg==}
    peerDependencies:
      '@opentf/web': 0.32.0

  '@opentf/web-form@1.27.0':
    resolution: {integrity: sha512-BQ07sBa3sL/+58zMkiJNMq5XMYTz+vxzdX1yoONiF/TO0Qqh0mQJBRBDBpltDrpPEIOgLxGSAHQFkhQNDUxbow==}
    peerDependencies:
      '@opentf/web': 0.32.0

  '@opentf/web-i18n@1.27.0':
    resolution: {integrity: sha512-d0apWfkDFAev24CCDAUtL2m7kK6Jxx+dr4o31IbxmntdiYbqV0aEt5HRdGDQ/s8a12PBGhb3RrCsi7LkfBsXXw==}
    peerDependencies:
      '@opentf/web': 0.32.0

  '@opentf/web@0.32.0':
    resolution: {integrity: sha512-NqjIC+0/q6cEWFJiRTFzLCmnRuZ2ESqfvF/bxiS1u4QvyTM8kSFh13Db2awdA7IKQ+jpBYBsz1NUza6C1ZvXAg==}

  decimal.js@10.6.0:
    resolution: {integrity: sha512-YpgQiITW3JXGntzdUmyUR1V812Hn8T1YVXhCu+wO3OpS4eU9l4YdD3qjyiKdV6mvV29zapkMeD390UVEf2lkUg==}

  intl-messageformat@10.7.18:
    resolution: {integrity: sha512-m3Ofv/X/tV8Y3tHXLohcuVuhWKo7BBq62cqY15etqmLxg2DZ34AGGgQDeR+SCta2+zICb1NX83af0GJmbQ1++g==}

  tailwindcss@4.2.2:
    resolution: {integrity: sha512-KWBIxs1Xb6NoLdMVqhbhgwZf2PGBpPEiwOqgI4pFIYbNTfBXiKYyWoTsXgBQ9WFg/OlhnvHaY+AEpW7wSmFo2Q==}

  tslib@2.8.1:
    resolution: {integrity: sha512-oJFu94HQb+KVduSUQL7wnpmqnfmLsOA/nAh6b6EH0wCEoK0/mPeXU6c3wKDV83MkOuHPRHtSXKKU99IBazS/2w==}

snapshots:

  '@formatjs/ecma402-abstract@2.3.6':
    dependencies:
      '@formatjs/fast-memoize': 2.2.7
      '@formatjs/intl-localematcher': 0.6.2
      decimal.js: 10.6.0
      tslib: 2.8.1

  '@formatjs/fast-memoize@2.2.7':
    dependencies:
      tslib: 2.8.1

  '@formatjs/icu-messageformat-parser@2.11.4':
    dependencies:
      '@formatjs/ecma402-abstract': 2.3.6
      '@formatjs/icu-skeleton-parser': 1.8.16
      tslib: 2.8.1

  '@formatjs/icu-skeleton-parser@1.8.16':
    dependencies:
      '@formatjs/ecma402-abstract': 2.3.6
      tslib: 2.8.1

  '@formatjs/intl-localematcher@0.6.2':
    dependencies:
      tslib: 2.8.1

  '@opentf/esdev-plugin-web@0.4.0':
    dependencies:
      '@opentf/web-compiler': 0.20.0

  '@opentf/std@0.19.0': {}

  '@opentf/web-cli@1.30.0(@opentf/web@0.32.0)':
    dependencies:
      '@opentf/esdev-plugin-web': 0.4.0
      '@opentf/web': 0.32.0

  '@opentf/web-compiler@0.20.0': {}

  '@opentf/web-docs@0.30.0(@opentf/web@0.32.0)':
    dependencies:
      '@opentf/web': 0.32.0
      '@opentf/web-compiler': 0.20.0

  '@opentf/web-form@1.27.0(@opentf/web@0.32.0)':
    dependencies:
      '@opentf/std': 0.19.0
      '@opentf/web': 0.32.0

  '@opentf/web-i18n@1.27.0(@opentf/web@0.32.0)':
    dependencies:
      '@opentf/web': 0.32.0
      intl-messageformat: 10.7.18

  '@opentf/web@0.32.0': {}

  decimal.js@10.6.0: {}

  intl-messageformat@10.7.18:
    dependencies:
      '@formatjs/ecma402-abstract': 2.3.6
      '@formatjs/fast-memoize': 2.2.7
      '@formatjs/icu-messageformat-parser': 2.11.4
      tslib: 2.8.1

  tailwindcss@4.2.2: {}

  tslib@2.8.1: {}
